
Microsoft Visual Studio Solution File, Format Version 12.00
# Visual Studio 2013
VisualStudioVersion = 12.0.31101.0
MinimumVisualStudioVersion = 10.0.40219.1
Project("{FAE04EC0-301F-11D3-BF4B-00C04F79EFBC}") = "WebTemplateMVC5", "WebTemplateMVC5\WebTemplateMVC5.csproj", "{7DDD4D48-3DB5-4F21-971F-6C0926CC2148}"
EndProject
Global
	GlobalSection(SolutionConfigurationPlatforms) = preSolution
		Debug|Any CPU = Debug|Any CPU
		Release|Any CPU = Release|Any CPU
	EndGlobalSection
	GlobalSection(ProjectConfigurationPlatforms) = postSolution
		{7DDD4D48-3DB5-4F21-971F-6C0926CC2148}.Debug|Any CPU.ActiveCfg = Debug|Any CPU
		{7DDD4D48-3DB5-4F21-971F-6C0926CC2148}.Debug|Any CPU.Build.0 = Debug|Any CPU
		{7DDD4D48-3DB5-4F21-971F-6C0926CC2148}.Release|Any CPU.ActiveCfg = Release|Any CPU
		{7DDD4D48-3DB5-4F21-971F-6C0926CC2148}.Release|Any CPU.Build.0 = Release|Any CPU
	EndGlobalSection
	GlobalSection(SolutionProperties) = preSolution
		HideSolutionNode = FALSE
	EndGlobalSection
EndGlobal
